
Microsoft Visual Studio Solution File, Format Version 12.00
# Visual Studio 15
VisualStudioVersion = 15.0.27004.2010
MinimumVisualStudioVersion = 10.0.40219.1
Project("{FAE04EC0-301F-11D3-BF4B-00C04F79EFBC}") = "ex1", "week4\ex1.csproj", "{BE0133DC-6DD3-4F6C-820C-528064433558}"
EndProject
Project("{FAE04EC0-301F-11D3-BF4B-00C04F79EFBC}") = "ex2", "ex2\ex2.csproj", "{FE23ADD2-8658-4D5C-9666-67B38E76929F}"
EndProject
Project("{FAE04EC0-301F-11D3-BF4B-00C04F79EFBC}") = "ex3", "ex3\ex3.csproj", "{7CACD04A-7AAF-41E1-9F57-EA1A5A655866}"
EndProject
Global
	GlobalSection(SolutionConfigurationPlatforms) = preSolution
		Debug|Any CPU = Debug|Any CPU
		Release|Any CPU = Release|Any CPU
	EndGlobalSection
	GlobalSection(ProjectConfigurationPlatforms) = postSolution
		{BE0133DC-6DD3-4F6C-820C-528064433558}.Debug|Any CPU.ActiveCfg = Debug|Any CPU
		{BE0133DC-6DD3-4F6C-820C-528064433558}.Debug|Any CPU.Build.0 = Debug|Any CPU
		{BE0133DC-6DD3-4F6C-820C-528064433558}.Release|Any CPU.ActiveCfg = Release|Any CPU
		{BE0133DC-6DD3-4F6C-820C-528064433558}.Release|Any CPU.Build.0 = Release|Any CPU
		{FE23ADD2-8658-4D5C-9666-67B38E76929F}.Debug|Any CPU.ActiveCfg = Debug|Any CPU
		{FE23ADD2-8658-4D5C-9666-67B38E76929F}.Debug|Any CPU.Build.0 = Debug|Any CPU
		{FE23ADD2-8658-4D5C-9666-67B38E76929F}.Release|Any CPU.ActiveCfg = Release|Any CPU
		{FE23ADD2-8658-4D5C-9666-67B38E76929F}.Release|Any CPU.Build.0 = Release|Any CPU
		{7CACD04A-7AAF-41E1-9F57-EA1A5A655866}.Debug|Any CPU.ActiveCfg = Debug|Any CPU
		{7CACD04A-7AAF-41E1-9F57-EA1A5A655866}.Debug|Any CPU.Build.0 = Debug|Any CPU
		{7CACD04A-7AAF-41E1-9F57-EA1A5A655866}.Release|Any CPU.ActiveCfg = Release|Any CPU
		{7CACD04A-7AAF-41E1-9F57-EA1A5A655866}.Release|Any CPU.Build.0 = Release|Any CPU
	EndGlobalSection
	GlobalSection(SolutionProperties) = preSolution
		HideSolutionNode = FALSE
	EndGlobalSection
	GlobalSection(ExtensibilityGlobals) = postSolution
		SolutionGuid = {E9D60A63-F653-422A-A435-21CDF9A932B7}
	EndGlobalSection
EndGlobal
